
Microsoft Visual Studio Solution File, Format Version 12.00
# Visual Studio Version 17
VisualStudioVersion = 17.4.33110.190
MinimumVisualStudioVersion = 10.0.40219.1
Project("{FAE04EC0-301F-11D3-BF4B-00C04F79EFBC}") = "Tiled-Slope", "Tiled-Slope\Tiled-Slope.csproj", "{4989F4D5-CD0E-44AE-8577-46F88FA92260}"
EndProject
Global
	GlobalSection(SolutionConfigurationPlatforms) = preSolution
		Debug|Any CPU = Debug|Any CPU
		Release|Any CPU = Release|Any CPU
	EndGlobalSection
	GlobalSection(ProjectConfigurationPlatforms) = postSolution
		{4989F4D5-CD0E-44AE-8577-46F88FA92260}.Debug|Any CPU.ActiveCfg = Debug|Any CPU
		{4989F4D5-CD0E-44AE-8577-46F88FA92260}.Debug|Any CPU.Build.0 = Debug|Any CPU
		{4989F4D5-CD0E-44AE-8577-46F88FA92260}.Release|Any CPU.ActiveCfg = Release|Any CPU
		{4989F4D5-CD0E-44AE-8577-46F88FA92260}.Release|Any CPU.Build.0 = Release|Any CPU
	EndGlobalSection
	GlobalSection(SolutionProperties) = preSolution
		HideSolutionNode = FALSE
	EndGlobalSection
	GlobalSection(ExtensibilityGlobals) = postSolution
		SolutionGuid = {DDCF0DAB-7891-49EE-95CD-7F9C1717C1BD}
	EndGlobalSection
EndGlobal
