
Microsoft Visual Studio Solution File, Format Version 12.00
# Visual Studio Version 17
VisualStudioVersion = 17.4.33110.190
MinimumVisualStudioVersion = 10.0.40219.1
Project("{FAE04EC0-301F-11D3-BF4B-00C04F79EFBC}") = "Animation", "Animation\Animation.csproj", "{7DFDB2E2-37C2-4861-8E73-87D55BE0EFDE}"
EndProject
Global
	GlobalSection(SolutionConfigurationPlatforms) = preSolution
		Debug|Any CPU = Debug|Any CPU
		Release|Any CPU = Release|Any CPU
	EndGlobalSection
	GlobalSection(ProjectConfigurationPlatforms) = postSolution
		{7DFDB2E2-37C2-4861-8E73-87D55BE0EFDE}.Debug|Any CPU.ActiveCfg = Debug|Any CPU
		{7DFDB2E2-37C2-4861-8E73-87D55BE0EFDE}.Debug|Any CPU.Build.0 = Debug|Any CPU
		{7DFDB2E2-37C2-4861-8E73-87D55BE0EFDE}.Release|Any CPU.ActiveCfg = Release|Any CPU
		{7DFDB2E2-37C2-4861-8E73-87D55BE0EFDE}.Release|Any CPU.Build.0 = Release|Any CPU
	EndGlobalSection
	GlobalSection(SolutionProperties) = preSolution
		HideSolutionNode = FALSE
	EndGlobalSection
	GlobalSection(ExtensibilityGlobals) = postSolution
		SolutionGuid = {4524F2BA-5B89-4EA0-AD91-EE32F3DAB95C}
	EndGlobalSection
EndGlobal
