
Microsoft Visual Studio Solution File, Format Version 12.00
# Visual Studio Version 17
VisualStudioVersion = 17.4.33110.190
MinimumVisualStudioVersion = 10.0.40219.1
Project("{FAE04EC0-301F-11D3-BF4B-00C04F79EFBC}") = "Platformer", "Platformer\Platformer.csproj", "{FDEEA8F3-62CC-4D6A-BD76-72E6BB8CD865}"
EndProject
Global
	GlobalSection(SolutionConfigurationPlatforms) = preSolution
		Debug|Any CPU = Debug|Any CPU
		Release|Any CPU = Release|Any CPU
	EndGlobalSection
	GlobalSection(ProjectConfigurationPlatforms) = postSolution
		{FDEEA8F3-62CC-4D6A-BD76-72E6BB8CD865}.Debug|Any CPU.ActiveCfg = Debug|Any CPU
		{FDEEA8F3-62CC-4D6A-BD76-72E6BB8CD865}.Debug|Any CPU.Build.0 = Debug|Any CPU
		{FDEEA8F3-62CC-4D6A-BD76-72E6BB8CD865}.Release|Any CPU.ActiveCfg = Release|Any CPU
		{FDEEA8F3-62CC-4D6A-BD76-72E6BB8CD865}.Release|Any CPU.Build.0 = Release|Any CPU
	EndGlobalSection
	GlobalSection(SolutionProperties) = preSolution
		HideSolutionNode = FALSE
	EndGlobalSection
	GlobalSection(ExtensibilityGlobals) = postSolution
		SolutionGuid = {8CC527DA-0B48-47CF-B76A-7DC500EDC590}
	EndGlobalSection
EndGlobal
