
Microsoft Visual Studio Solution File, Format Version 12.00
# Visual Studio Version 17
VisualStudioVersion = 17.4.33110.190
MinimumVisualStudioVersion = 10.0.40219.1
Project("{FAE04EC0-301F-11D3-BF4B-00C04F79EFBC}") = "RPG Map", "RPG Map\RPG Map.csproj", "{E7AC3869-16D9-4B1A-BA22-242C0C8348C2}"
EndProject
Global
	GlobalSection(SolutionConfigurationPlatforms) = preSolution
		Debug|Any CPU = Debug|Any CPU
		Release|Any CPU = Release|Any CPU
	EndGlobalSection
	GlobalSection(ProjectConfigurationPlatforms) = postSolution
		{E7AC3869-16D9-4B1A-BA22-242C0C8348C2}.Debug|Any CPU.ActiveCfg = Debug|Any CPU
		{E7AC3869-16D9-4B1A-BA22-242C0C8348C2}.Debug|Any CPU.Build.0 = Debug|Any CPU
		{E7AC3869-16D9-4B1A-BA22-242C0C8348C2}.Release|Any CPU.ActiveCfg = Release|Any CPU
		{E7AC3869-16D9-4B1A-BA22-242C0C8348C2}.Release|Any CPU.Build.0 = Release|Any CPU
	EndGlobalSection
	GlobalSection(SolutionProperties) = preSolution
		HideSolutionNode = FALSE
	EndGlobalSection
	GlobalSection(ExtensibilityGlobals) = postSolution
		SolutionGuid = {550F4A50-AE62-41A5-B62D-034503C19C36}
	EndGlobalSection
EndGlobal
