
Microsoft Visual Studio Solution File, Format Version 12.00
# Visual Studio Version 17
VisualStudioVersion = 17.4.33110.190
MinimumVisualStudioVersion = 10.0.40219.1
Project("{FAE04EC0-301F-11D3-BF4B-00C04F79EFBC}") = "SpriteSheet", "SpriteSheet\SpriteSheet.csproj", "{8146A355-9FB3-431A-9C81-8D55AAF906CF}"
EndProject
Global
	GlobalSection(SolutionConfigurationPlatforms) = preSolution
		Debug|Any CPU = Debug|Any CPU
		Release|Any CPU = Release|Any CPU
	EndGlobalSection
	GlobalSection(ProjectConfigurationPlatforms) = postSolution
		{8146A355-9FB3-431A-9C81-8D55AAF906CF}.Debug|Any CPU.ActiveCfg = Debug|Any CPU
		{8146A355-9FB3-431A-9C81-8D55AAF906CF}.Debug|Any CPU.Build.0 = Debug|Any CPU
		{8146A355-9FB3-431A-9C81-8D55AAF906CF}.Release|Any CPU.ActiveCfg = Release|Any CPU
		{8146A355-9FB3-431A-9C81-8D55AAF906CF}.Release|Any CPU.Build.0 = Release|Any CPU
	EndGlobalSection
	GlobalSection(SolutionProperties) = preSolution
		HideSolutionNode = FALSE
	EndGlobalSection
	GlobalSection(ExtensibilityGlobals) = postSolution
		SolutionGuid = {730384EA-77E8-45CA-AFC6-06FE1623A2E3}
	EndGlobalSection
EndGlobal
